
Microsoft Visual Studio Solution File, Format Version 12.00
# Visual Studio Version 16
VisualStudioVersion = 16.0.29020.237
MinimumVisualStudioVersion = 10.0.40219.1
Project("{FAE04EC0-301F-11D3-BF4B-00C04F79EFBC}") = "TestMVVM", "TestMVVM.csproj", "{2916C261-943D-451B-ADF8-206163F85942}"
EndProject
Global
	GlobalSection(SolutionConfigurationPlatforms) = preSolution
		Debug|Any CPU = Debug|Any CPU
		Release|Any CPU = Release|Any CPU
	EndGlobalSection
	GlobalSection(ProjectConfigurationPlatforms) = postSolution
		{2916C261-943D-451B-ADF8-206163F85942}.Debug|Any CPU.ActiveCfg = Debug|Any CPU
		{2916C261-943D-451B-ADF8-206163F85942}.Debug|Any CPU.Build.0 = Debug|Any CPU
		{2916C261-943D-451B-ADF8-206163F85942}.Release|Any CPU.ActiveCfg = Release|Any CPU
		{2916C261-943D-451B-ADF8-206163F85942}.Release|Any CPU.Build.0 = Release|Any CPU
	EndGlobalSection
	GlobalSection(SolutionProperties) = preSolution
		HideSolutionNode = FALSE
	EndGlobalSection
	GlobalSection(ExtensibilityGlobals) = postSolution
		SolutionGuid = {E5DDD710-C13F-4E0E-9924-7F86B11DC170}
	EndGlobalSection
EndGlobal
