
Microsoft Visual Studio Solution File, Format Version 12.00
# Visual Studio Version 16
VisualStudioVersion = 16.0.29020.237
MinimumVisualStudioVersion = 10.0.40219.1
Project("{FAE04EC0-301F-11D3-BF4B-00C04F79EFBC}") = "TestResourceHelloWorld", "TestResourceHelloWorld\TestResourceHelloWorld.csproj", "{7B055E5A-F989-4B9D-B588-FC02DEDFC266}"
EndProject
Project("{FAE04EC0-301F-11D3-BF4B-00C04F79EFBC}") = "TestDynamicResource", "TestDynamicResource\TestDynamicResource.csproj", "{50516BDE-953A-4BBE-A462-14F085AEE0AF}"
EndProject
Project("{FAE04EC0-301F-11D3-BF4B-00C04F79EFBC}") = "TestSystemResouce", "TestSystemResouce\TestSystemResouce.csproj", "{2B6ED8CC-32DA-480A-B08C-45EF18B62478}"
EndProject
Global
	GlobalSection(SolutionConfigurationPlatforms) = preSolution
		Debug|Any CPU = Debug|Any CPU
		Release|Any CPU = Release|Any CPU
	EndGlobalSection
	GlobalSection(ProjectConfigurationPlatforms) = postSolution
		{7B055E5A-F989-4B9D-B588-FC02DEDFC266}.Debug|Any CPU.ActiveCfg = Debug|Any CPU
		{7B055E5A-F989-4B9D-B588-FC02DEDFC266}.Debug|Any CPU.Build.0 = Debug|Any CPU
		{7B055E5A-F989-4B9D-B588-FC02DEDFC266}.Release|Any CPU.ActiveCfg = Release|Any CPU
		{7B055E5A-F989-4B9D-B588-FC02DEDFC266}.Release|Any CPU.Build.0 = Release|Any CPU
		{50516BDE-953A-4BBE-A462-14F085AEE0AF}.Debug|Any CPU.ActiveCfg = Debug|Any CPU
		{50516BDE-953A-4BBE-A462-14F085AEE0AF}.Debug|Any CPU.Build.0 = Debug|Any CPU
		{50516BDE-953A-4BBE-A462-14F085AEE0AF}.Release|Any CPU.ActiveCfg = Release|Any CPU
		{50516BDE-953A-4BBE-A462-14F085AEE0AF}.Release|Any CPU.Build.0 = Release|Any CPU
		{2B6ED8CC-32DA-480A-B08C-45EF18B62478}.Debug|Any CPU.ActiveCfg = Debug|Any CPU
		{2B6ED8CC-32DA-480A-B08C-45EF18B62478}.Debug|Any CPU.Build.0 = Debug|Any CPU
		{2B6ED8CC-32DA-480A-B08C-45EF18B62478}.Release|Any CPU.ActiveCfg = Release|Any CPU
		{2B6ED8CC-32DA-480A-B08C-45EF18B62478}.Release|Any CPU.Build.0 = Release|Any CPU
	EndGlobalSection
	GlobalSection(SolutionProperties) = preSolution
		HideSolutionNode = FALSE
	EndGlobalSection
	GlobalSection(ExtensibilityGlobals) = postSolution
		SolutionGuid = {62185AD3-9BFA-4C14-AD42-2A88405C507A}
	EndGlobalSection
EndGlobal
