
Microsoft Visual Studio Solution File, Format Version 12.00
# Visual Studio Version 16
VisualStudioVersion = 16.0.29020.237
MinimumVisualStudioVersion = 10.0.40219.1
Project("{FAE04EC0-301F-11D3-BF4B-00C04F79EFBC}") = "UseResourceDic", "UseResourceDic\UseResourceDic.csproj", "{ACFE5FC8-7292-42AC-A643-F9A4EC932A4A}"
EndProject
Project("{FAE04EC0-301F-11D3-BF4B-00C04F79EFBC}") = "ResourceLib", "ResourceLib\ResourceLib.csproj", "{18AC48AB-E80F-4996-A712-FFF4F8F7B68B}"
EndProject
Global
	GlobalSection(SolutionConfigurationPlatforms) = preSolution
		Debug|Any CPU = Debug|Any CPU
		Release|Any CPU = Release|Any CPU
	EndGlobalSection
	GlobalSection(ProjectConfigurationPlatforms) = postSolution
		{ACFE5FC8-7292-42AC-A643-F9A4EC932A4A}.Debug|Any CPU.ActiveCfg = Debug|Any CPU
		{ACFE5FC8-7292-42AC-A643-F9A4EC932A4A}.Debug|Any CPU.Build.0 = Debug|Any CPU
		{ACFE5FC8-7292-42AC-A643-F9A4EC932A4A}.Release|Any CPU.ActiveCfg = Release|Any CPU
		{ACFE5FC8-7292-42AC-A643-F9A4EC932A4A}.Release|Any CPU.Build.0 = Release|Any CPU
		{18AC48AB-E80F-4996-A712-FFF4F8F7B68B}.Debug|Any CPU.ActiveCfg = Debug|Any CPU
		{18AC48AB-E80F-4996-A712-FFF4F8F7B68B}.Debug|Any CPU.Build.0 = Debug|Any CPU
		{18AC48AB-E80F-4996-A712-FFF4F8F7B68B}.Release|Any CPU.ActiveCfg = Release|Any CPU
		{18AC48AB-E80F-4996-A712-FFF4F8F7B68B}.Release|Any CPU.Build.0 = Release|Any CPU
	EndGlobalSection
	GlobalSection(SolutionProperties) = preSolution
		HideSolutionNode = FALSE
	EndGlobalSection
	GlobalSection(ExtensibilityGlobals) = postSolution
		SolutionGuid = {BDA17072-6C61-40F4-9906-0C232BF9FC9C}
	EndGlobalSection
EndGlobal
