
Microsoft Visual Studio Solution File, Format Version 12.00
# Visual Studio Version 16
VisualStudioVersion = 16.0.29020.237
MinimumVisualStudioVersion = 10.0.40219.1
Project("{FAE04EC0-301F-11D3-BF4B-00C04F79EFBC}") = "TestBubbleRouteEvent", "TestBubbleRouteEvent\TestBubbleRouteEvent.csproj", "{25B0E7D7-8F58-4B0C-AD5E-757C3B4EB39D}"
EndProject
Global
	GlobalSection(SolutionConfigurationPlatforms) = preSolution
		Debug|Any CPU = Debug|Any CPU
		Release|Any CPU = Release|Any CPU
	EndGlobalSection
	GlobalSection(ProjectConfigurationPlatforms) = postSolution
		{25B0E7D7-8F58-4B0C-AD5E-757C3B4EB39D}.Debug|Any CPU.ActiveCfg = Debug|Any CPU
		{25B0E7D7-8F58-4B0C-AD5E-757C3B4EB39D}.Debug|Any CPU.Build.0 = Debug|Any CPU
		{25B0E7D7-8F58-4B0C-AD5E-757C3B4EB39D}.Release|Any CPU.ActiveCfg = Release|Any CPU
		{25B0E7D7-8F58-4B0C-AD5E-757C3B4EB39D}.Release|Any CPU.Build.0 = Release|Any CPU
	EndGlobalSection
	GlobalSection(SolutionProperties) = preSolution
		HideSolutionNode = FALSE
	EndGlobalSection
	GlobalSection(ExtensibilityGlobals) = postSolution
		SolutionGuid = {2EAD3103-DFCA-49C7-89FF-A4EE6F737005}
	EndGlobalSection
EndGlobal
