
Microsoft Visual Studio Solution File, Format Version 12.00
# Visual Studio Version 16
VisualStudioVersion = 16.0.29020.237
MinimumVisualStudioVersion = 10.0.40219.1
Project("{FAE04EC0-301F-11D3-BF4B-00C04F79EFBC}") = "WpfApp1", "WpfApp1.csproj", "{A437DD44-8E94-4090-833E-B0D5C0CA99C4}"
EndProject
Project("{FAE04EC0-301F-11D3-BF4B-00C04F79EFBC}") = "WpfApp2", "..\WpfApp2\WpfApp2.csproj", "{4EF7E9C3-A876-40D5-BF21-A585205852C6}"
EndProject
Project("{FAE04EC0-301F-11D3-BF4B-00C04F79EFBC}") = "DynamicallyLoadedXAML", "..\DynamicallyLoadedXAML\DynamicallyLoadedXAML.csproj", "{31BC1176-4F64-4645-BE57-7462813C0DA4}"
EndProject
Project("{FAE04EC0-301F-11D3-BF4B-00C04F79EFBC}") = "TestStackPanel", "..\TestStackPanel\TestStackPanel.csproj", "{6FC8A793-B849-42B9-810B-335F8024E30B}"
EndProject
Project("{FAE04EC0-301F-11D3-BF4B-00C04F79EFBC}") = "TestWrapPanel", "..\TestWrapPanel\TestWrapPanel.csproj", "{19BF7BC3-B6DA-4453-A559-59A41CFD9A43}"
EndProject
Project("{FAE04EC0-301F-11D3-BF4B-00C04F79EFBC}") = "TestDockPanel", "..\TestDockPanel\TestDockPanel.csproj", "{14A603AB-E4E8-4434-9DE7-8F0A5F10D55A}"
EndProject
Project("{FAE04EC0-301F-11D3-BF4B-00C04F79EFBC}") = "TestBasicDialogBox", "..\TestBasicDialogBox\TestBasicDialogBox.csproj", "{3DE7538D-2CE5-4586-8236-0891D9B31D7F}"
EndProject
Project("{FAE04EC0-301F-11D3-BF4B-00C04F79EFBC}") = "TestGrid", "..\TestGrid\TestGrid.csproj", "{FFA9816C-F8B5-4CCF-A511-6F67A2733088}"
EndProject
Project("{FAE04EC0-301F-11D3-BF4B-00C04F79EFBC}") = "TestCanvas", "..\TestCanvas\TestCanvas.csproj", "{B90BDA9D-6947-4C60-A361-3887BB88FC93}"
EndProject
Global
	GlobalSection(SolutionConfigurationPlatforms) = preSolution
		Debug|Any CPU = Debug|Any CPU
		Release|Any CPU = Release|Any CPU
	EndGlobalSection
	GlobalSection(ProjectConfigurationPlatforms) = postSolution
		{A437DD44-8E94-4090-833E-B0D5C0CA99C4}.Debug|Any CPU.ActiveCfg = Debug|Any CPU
		{A437DD44-8E94-4090-833E-B0D5C0CA99C4}.Debug|Any CPU.Build.0 = Debug|Any CPU
		{A437DD44-8E94-4090-833E-B0D5C0CA99C4}.Release|Any CPU.ActiveCfg = Release|Any CPU
		{A437DD44-8E94-4090-833E-B0D5C0CA99C4}.Release|Any CPU.Build.0 = Release|Any CPU
		{4EF7E9C3-A876-40D5-BF21-A585205852C6}.Debug|Any CPU.ActiveCfg = Debug|Any CPU
		{4EF7E9C3-A876-40D5-BF21-A585205852C6}.Debug|Any CPU.Build.0 = Debug|Any CPU
		{4EF7E9C3-A876-40D5-BF21-A585205852C6}.Release|Any CPU.ActiveCfg = Release|Any CPU
		{4EF7E9C3-A876-40D5-BF21-A585205852C6}.Release|Any CPU.Build.0 = Release|Any CPU
		{31BC1176-4F64-4645-BE57-7462813C0DA4}.Debug|Any CPU.ActiveCfg = Debug|Any CPU
		{31BC1176-4F64-4645-BE57-7462813C0DA4}.Debug|Any CPU.Build.0 = Debug|Any CPU
		{31BC1176-4F64-4645-BE57-7462813C0DA4}.Release|Any CPU.ActiveCfg = Release|Any CPU
		{31BC1176-4F64-4645-BE57-7462813C0DA4}.Release|Any CPU.Build.0 = Release|Any CPU
		{6FC8A793-B849-42B9-810B-335F8024E30B}.Debug|Any CPU.ActiveCfg = Debug|Any CPU
		{6FC8A793-B849-42B9-810B-335F8024E30B}.Debug|Any CPU.Build.0 = Debug|Any CPU
		{6FC8A793-B849-42B9-810B-335F8024E30B}.Release|Any CPU.ActiveCfg = Release|Any CPU
		{6FC8A793-B849-42B9-810B-335F8024E30B}.Release|Any CPU.Build.0 = Release|Any CPU
		{19BF7BC3-B6DA-4453-A559-59A41CFD9A43}.Debug|Any CPU.ActiveCfg = Debug|Any CPU
		{19BF7BC3-B6DA-4453-A559-59A41CFD9A43}.Debug|Any CPU.Build.0 = Debug|Any CPU
		{19BF7BC3-B6DA-4453-A559-59A41CFD9A43}.Release|Any CPU.ActiveCfg = Release|Any CPU
		{19BF7BC3-B6DA-4453-A559-59A41CFD9A43}.Release|Any CPU.Build.0 = Release|Any CPU
		{14A603AB-E4E8-4434-9DE7-8F0A5F10D55A}.Debug|Any CPU.ActiveCfg = Debug|Any CPU
		{14A603AB-E4E8-4434-9DE7-8F0A5F10D55A}.Debug|Any CPU.Build.0 = Debug|Any CPU
		{14A603AB-E4E8-4434-9DE7-8F0A5F10D55A}.Release|Any CPU.ActiveCfg = Release|Any CPU
		{14A603AB-E4E8-4434-9DE7-8F0A5F10D55A}.Release|Any CPU.Build.0 = Release|Any CPU
		{3DE7538D-2CE5-4586-8236-0891D9B31D7F}.Debug|Any CPU.ActiveCfg = Debug|Any CPU
		{3DE7538D-2CE5-4586-8236-0891D9B31D7F}.Debug|Any CPU.Build.0 = Debug|Any CPU
		{3DE7538D-2CE5-4586-8236-0891D9B31D7F}.Release|Any CPU.ActiveCfg = Release|Any CPU
		{3DE7538D-2CE5-4586-8236-0891D9B31D7F}.Release|Any CPU.Build.0 = Release|Any CPU
		{FFA9816C-F8B5-4CCF-A511-6F67A2733088}.Debug|Any CPU.ActiveCfg = Debug|Any CPU
		{FFA9816C-F8B5-4CCF-A511-6F67A2733088}.Debug|Any CPU.Build.0 = Debug|Any CPU
		{FFA9816C-F8B5-4CCF-A511-6F67A2733088}.Release|Any CPU.ActiveCfg = Release|Any CPU
		{FFA9816C-F8B5-4CCF-A511-6F67A2733088}.Release|Any CPU.Build.0 = Release|Any CPU
		{B90BDA9D-6947-4C60-A361-3887BB88FC93}.Debug|Any CPU.ActiveCfg = Debug|Any CPU
		{B90BDA9D-6947-4C60-A361-3887BB88FC93}.Debug|Any CPU.Build.0 = Debug|Any CPU
		{B90BDA9D-6947-4C60-A361-3887BB88FC93}.Release|Any CPU.ActiveCfg = Release|Any CPU
		{B90BDA9D-6947-4C60-A361-3887BB88FC93}.Release|Any CPU.Build.0 = Release|Any CPU
	EndGlobalSection
	GlobalSection(SolutionProperties) = preSolution
		HideSolutionNode = FALSE
	EndGlobalSection
	GlobalSection(ExtensibilityGlobals) = postSolution
		SolutionGuid = {7383670D-828D-48A8-8B4D-9A39ACC0B0BA}
	EndGlobalSection
EndGlobal
