
Microsoft Visual Studio Solution File, Format Version 12.00
# Visual Studio Version 16
VisualStudioVersion = 16.0.29020.237
MinimumVisualStudioVersion = 10.0.40219.1
Project("{FAE04EC0-301F-11D3-BF4B-00C04F79EFBC}") = "ApplicationEvent", "ApplicationEvent\ApplicationEvent.csproj", "{FEAAC746-0AA8-40E0-94E6-7F1B1C29614C}"
EndProject
Project("{FAE04EC0-301F-11D3-BF4B-00C04F79EFBC}") = "WindowCommunication", "WindowCommunication\WindowCommunication.csproj", "{494CB174-2678-458B-AB25-009FD6FC5866}"
EndProject
Project("{FAE04EC0-301F-11D3-BF4B-00C04F79EFBC}") = "TestSingleInstanceApplicationWrapper", "TestSingleInstanceApplicationWrapper\TestSingleInstanceApplicationWrapper.csproj", "{21FC1EAE-98C7-4D16-A420-C400CE4425C7}"
EndProject
Global
	GlobalSection(SolutionConfigurationPlatforms) = preSolution
		Debug|Any CPU = Debug|Any CPU
		Release|Any CPU = Release|Any CPU
	EndGlobalSection
	GlobalSection(ProjectConfigurationPlatforms) = postSolution
		{FEAAC746-0AA8-40E0-94E6-7F1B1C29614C}.Debug|Any CPU.ActiveCfg = Debug|Any CPU
		{FEAAC746-0AA8-40E0-94E6-7F1B1C29614C}.Debug|Any CPU.Build.0 = Debug|Any CPU
		{FEAAC746-0AA8-40E0-94E6-7F1B1C29614C}.Release|Any CPU.ActiveCfg = Release|Any CPU
		{FEAAC746-0AA8-40E0-94E6-7F1B1C29614C}.Release|Any CPU.Build.0 = Release|Any CPU
		{494CB174-2678-458B-AB25-009FD6FC5866}.Debug|Any CPU.ActiveCfg = Debug|Any CPU
		{494CB174-2678-458B-AB25-009FD6FC5866}.Debug|Any CPU.Build.0 = Debug|Any CPU
		{494CB174-2678-458B-AB25-009FD6FC5866}.Release|Any CPU.ActiveCfg = Release|Any CPU
		{494CB174-2678-458B-AB25-009FD6FC5866}.Release|Any CPU.Build.0 = Release|Any CPU
		{21FC1EAE-98C7-4D16-A420-C400CE4425C7}.Debug|Any CPU.ActiveCfg = Debug|Any CPU
		{21FC1EAE-98C7-4D16-A420-C400CE4425C7}.Debug|Any CPU.Build.0 = Debug|Any CPU
		{21FC1EAE-98C7-4D16-A420-C400CE4425C7}.Release|Any CPU.ActiveCfg = Release|Any CPU
		{21FC1EAE-98C7-4D16-A420-C400CE4425C7}.Release|Any CPU.Build.0 = Release|Any CPU
	EndGlobalSection
	GlobalSection(SolutionProperties) = preSolution
		HideSolutionNode = FALSE
	EndGlobalSection
	GlobalSection(ExtensibilityGlobals) = postSolution
		SolutionGuid = {56EBE47D-70B3-410B-ADE5-17C428672363}
	EndGlobalSection
EndGlobal
