
Microsoft Visual Studio Solution File, Format Version 12.00
# Visual Studio Version 16
VisualStudioVersion = 16.0.29020.237
MinimumVisualStudioVersion = 10.0.40219.1
Project("{FAE04EC0-301F-11D3-BF4B-00C04F79EFBC}") = "TestVirtualMethod", "TestVirtualMethod.csproj", "{62C12C8A-73AF-44A5-91C4-F467AD37A90C}"
EndProject
Project("{FAE04EC0-301F-11D3-BF4B-00C04F79EFBC}") = "TestAbstract", "..\TestAbstract\TestAbstract.csproj", "{C172EC10-B90D-443C-AC03-AFEFFE7712E8}"
EndProject
Global
	GlobalSection(SolutionConfigurationPlatforms) = preSolution
		Debug|Any CPU = Debug|Any CPU
		Release|Any CPU = Release|Any CPU
	EndGlobalSection
	GlobalSection(ProjectConfigurationPlatforms) = postSolution
		{62C12C8A-73AF-44A5-91C4-F467AD37A90C}.Debug|Any CPU.ActiveCfg = Debug|Any CPU
		{62C12C8A-73AF-44A5-91C4-F467AD37A90C}.Debug|Any CPU.Build.0 = Debug|Any CPU
		{62C12C8A-73AF-44A5-91C4-F467AD37A90C}.Release|Any CPU.ActiveCfg = Release|Any CPU
		{62C12C8A-73AF-44A5-91C4-F467AD37A90C}.Release|Any CPU.Build.0 = Release|Any CPU
		{C172EC10-B90D-443C-AC03-AFEFFE7712E8}.Debug|Any CPU.ActiveCfg = Debug|Any CPU
		{C172EC10-B90D-443C-AC03-AFEFFE7712E8}.Debug|Any CPU.Build.0 = Debug|Any CPU
		{C172EC10-B90D-443C-AC03-AFEFFE7712E8}.Release|Any CPU.ActiveCfg = Release|Any CPU
		{C172EC10-B90D-443C-AC03-AFEFFE7712E8}.Release|Any CPU.Build.0 = Release|Any CPU
	EndGlobalSection
	GlobalSection(SolutionProperties) = preSolution
		HideSolutionNode = FALSE
	EndGlobalSection
	GlobalSection(ExtensibilityGlobals) = postSolution
		SolutionGuid = {6AECEBE9-0A72-4DA2-BE00-7C92E4186A73}
	EndGlobalSection
EndGlobal
